// !$*UTF8*$!
{
	archiveVersion = 1;
	classes = {
	};
	objectVersion = 50;
	objects = {

/* Begin PBXBuildFile section */
		52B4C55F2163C9A700958A90 /* MockSearchInteractorInput.swift in Sources */ = {isa = PBXBuildFile; fileRef = 52B4C55E2163C9A700958A90 /* MockSearchInteractorInput.swift */; };
		52B4C5612163CA6000958A90 /* MockSearchInteractorOutput.swift in Sources */ = {isa = PBXBuildFile; fileRef = 52B4C5602163CA6000958A90 /* MockSearchInteractorOutput.swift */; };
		52B4C5632163CBC700958A90 /* MockSearchService.swift in Sources */ = {isa = PBXBuildFile; fileRef = 52B4C5622163CBC700958A90 /* MockSearchService.swift */; };
		52B4C5662163D43300958A90 /* ApiError.swift in Sources */ = {isa = PBXBuildFile; fileRef = 52B4C5652163D43300958A90 /* ApiError.swift */; };
		52B4C5702163D8B000958A90 /* SearchPresenterTests.swift in Sources */ = {isa = PBXBuildFile; fileRef = 52B4C56F2163D8B000958A90 /* SearchPresenterTests.swift */; };
		52B4C5722163D8B700958A90 /* MockSearchRouter.swift in Sources */ = {isa = PBXBuildFile; fileRef = 52B4C5712163D8B700958A90 /* MockSearchRouter.swift */; };
		52B4C5742163D8D600958A90 /* MockSearchView.swift in Sources */ = {isa = PBXBuildFile; fileRef = 52B4C5732163D8D600958A90 /* MockSearchView.swift */; };
		52B4C5772163DC1400958A90 /* SearchViewTests.swift in Sources */ = {isa = PBXBuildFile; fileRef = 52B4C5762163DC1400958A90 /* SearchViewTests.swift */; };
		52B4C5792163DC4D00958A90 /* MockSearchEventHandler.swift in Sources */ = {isa = PBXBuildFile; fileRef = 52B4C5782163DC4D00958A90 /* MockSearchEventHandler.swift */; };
		52B4C57D2163E26900958A90 /* ProductItemCollectionViewCell.swift in Sources */ = {isa = PBXBuildFile; fileRef = 52B4C57B2163E26900958A90 /* ProductItemCollectionViewCell.swift */; };
		52B4C57E2163E26900958A90 /* ProductItemCollectionViewCell.xib in Resources */ = {isa = PBXBuildFile; fileRef = 52B4C57C2163E26900958A90 /* ProductItemCollectionViewCell.xib */; };
		52F5EF3F2163E8F100321B32 /* UICollectionViewCellExtension.swift in Sources */ = {isa = PBXBuildFile; fileRef = 52F5EF3E2163E8F100321B32 /* UICollectionViewCellExtension.swift */; };
		52F5EF452164752300321B32 /* UIImageExtension.swift in Sources */ = {isa = PBXBuildFile; fileRef = 52F5EF442164752300321B32 /* UIImageExtension.swift */; };
		52F5EF4721647F3200321B32 /* UIColorExtension.swift in Sources */ = {isa = PBXBuildFile; fileRef = 52F5EF4621647F3200321B32 /* UIColorExtension.swift */; };
		52F5EF53216480CF00321B32 /* SearchViewController.swift in Sources */ = {isa = PBXBuildFile; fileRef = 52F5EF4E216480CF00321B32 /* SearchViewController.swift */; };
		52F5EF54216480CF00321B32 /* SearchView.swift in Sources */ = {isa = PBXBuildFile; fileRef = 52F5EF4F216480CF00321B32 /* SearchView.swift */; };
		52F5EF56216480CF00321B32 /* SearchViewController.xib in Resources */ = {isa = PBXBuildFile; fileRef = 52F5EF51216480CF00321B32 /* SearchViewController.xib */; };
		52F5EF5C216480DC00321B32 /* SearchInteractor.swift in Sources */ = {isa = PBXBuildFile; fileRef = 52F5EF5A216480DC00321B32 /* SearchInteractor.swift */; };
		52F5EF5D216480DC00321B32 /* SearchInteractorIO.swift in Sources */ = {isa = PBXBuildFile; fileRef = 52F5EF5B216480DC00321B32 /* SearchInteractorIO.swift */; };
		52F5EF62216480E600321B32 /* SearchEventHandler.swift in Sources */ = {isa = PBXBuildFile; fileRef = 52F5EF5F216480E600321B32 /* SearchEventHandler.swift */; };
		52F5EF63216480E600321B32 /* SearchPresenter.swift in Sources */ = {isa = PBXBuildFile; fileRef = 52F5EF60216480E600321B32 /* SearchPresenter.swift */; };
		52F5EF65216480FB00321B32 /* SearchFilterRouter.swift in Sources */ = {isa = PBXBuildFile; fileRef = 52F5EF64216480FB00321B32 /* SearchFilterRouter.swift */; };
		52F5EF672164810100321B32 /* SearchRouter.swift in Sources */ = {isa = PBXBuildFile; fileRef = 52F5EF662164810100321B32 /* SearchRouter.swift */; };
		52F5EF692164814400321B32 /* SearchFilterView.swift in Sources */ = {isa = PBXBuildFile; fileRef = 52F5EF682164814400321B32 /* SearchFilterView.swift */; };
		52F5EF6C2164816500321B32 /* SearchFilterViewController.swift in Sources */ = {isa = PBXBuildFile; fileRef = 52F5EF6A2164816500321B32 /* SearchFilterViewController.swift */; };
		52F5EF6D2164816500321B32 /* SearchFilterViewController.xib in Resources */ = {isa = PBXBuildFile; fileRef = 52F5EF6B2164816500321B32 /* SearchFilterViewController.xib */; };
		52F5EF6F2164817700321B32 /* SearchFilterInteractorIO.swift in Sources */ = {isa = PBXBuildFile; fileRef = 52F5EF6E2164817700321B32 /* SearchFilterInteractorIO.swift */; };
		52F5EF712164818000321B32 /* SearchFilterInteractor.swift in Sources */ = {isa = PBXBuildFile; fileRef = 52F5EF702164818000321B32 /* SearchFilterInteractor.swift */; };
		52F5EF73216481AE00321B32 /* SearchFilterEventHandler.swift in Sources */ = {isa = PBXBuildFile; fileRef = 52F5EF72216481AE00321B32 /* SearchFilterEventHandler.swift */; };
		52F5EF75216481BA00321B32 /* SearchFilterPresenter.swift in Sources */ = {isa = PBXBuildFile; fileRef = 52F5EF74216481BA00321B32 /* SearchFilterPresenter.swift */; };
		52F5EF782164872000321B32 /* SearchRouterTests.swift in Sources */ = {isa = PBXBuildFile; fileRef = 52F5EF772164872000321B32 /* SearchRouterTests.swift */; };
		52FCE08221639EAA00C6212E /* AppDelegate.swift in Sources */ = {isa = PBXBuildFile; fileRef = 52FCE08121639EAA00C6212E /* AppDelegate.swift */; };
		52FCE08C21639EAD00C6212E /* LaunchScreen.storyboard in Resources */ = {isa = PBXBuildFile; fileRef = 52FCE08A21639EAD00C6212E /* LaunchScreen.storyboard */; };
		52FCE09721639EAD00C6212E /* SearchFilterTests.swift in Sources */ = {isa = PBXBuildFile; fileRef = 52FCE09621639EAD00C6212E /* SearchFilterTests.swift */; };
		52FCE0A321639F1000C6212E /* Assets.xcassets in Resources */ = {isa = PBXBuildFile; fileRef = 52FCE0A221639F1000C6212E /* Assets.xcassets */; };
		52FCE0B12163A11800C6212E /* ProductItem.swift in Sources */ = {isa = PBXBuildFile; fileRef = 52FCE0B02163A11800C6212E /* ProductItem.swift */; };
		52FCE0BB2163A1B300C6212E /* Router.swift in Sources */ = {isa = PBXBuildFile; fileRef = 52FCE0BA2163A1B300C6212E /* Router.swift */; };
		52FCE0C42163A91E00C6212E /* SearchService.swift in Sources */ = {isa = PBXBuildFile; fileRef = 52FCE0C32163A91E00C6212E /* SearchService.swift */; };
		52FCE0C62163AA3A00C6212E /* SearchFilter.swift in Sources */ = {isa = PBXBuildFile; fileRef = 52FCE0C52163AA3A00C6212E /* SearchFilter.swift */; };
		52FCE0C82163ABFA00C6212E /* SearchURL.swift in Sources */ = {isa = PBXBuildFile; fileRef = 52FCE0C72163ABFA00C6212E /* SearchURL.swift */; };
		52FCE0D82163C2ED00C6212E /* ProductItemsTests.swift in Sources */ = {isa = PBXBuildFile; fileRef = 52FCE0D72163C2ED00C6212E /* ProductItemsTests.swift */; };
		52FCE0DB2163C7DA00C6212E /* SearchInteractorTests.swift in Sources */ = {isa = PBXBuildFile; fileRef = 52FCE0DA2163C7DA00C6212E /* SearchInteractorTests.swift */; };
		6271AD6BB37BA498C7CA5180 /* Pods_Search.framework in Frameworks */ = {isa = PBXBuildFile; fileRef = 92004E25F732C52F32EBE1BF /* Pods_Search.framework */; };
		E3131FBC27D9F0DB9FE129CB /* Pods_SearchTests.framework in Frameworks */ = {isa = PBXBuildFile; fileRef = 127AD2CCE681440FC70F87A7 /* Pods_SearchTests.framework */; };
/* End PBXBuildFile section */

/* Begin PBXContainerItemProxy section */
		52FCE09321639EAD00C6212E /* PBXContainerItemProxy */ = {
			isa = PBXContainerItemProxy;
			containerPortal = 52FCE07621639EAA00C6212E /* Project object */;
			proxyType = 1;
			remoteGlobalIDString = 52FCE07D21639EAA00C6212E;
			remoteInfo = Search;
		};
/* End PBXContainerItemProxy section */

/* Begin PBXFileReference section */
		127AD2CCE681440FC70F87A7 /* Pods_SearchTests.framework */ = {isa = PBXFileReference; explicitFileType = wrapper.framework; includeInIndex = 0; path = Pods_SearchTests.framework; sourceTree = BUILT_PRODUCTS_DIR; };
		52B4C55E2163C9A700958A90 /* MockSearchInteractorInput.swift */ = {isa = PBXFileReference; lastKnownFileType = sourcecode.swift; path = MockSearchInteractorInput.swift; sourceTree = "<group>"; };
		52B4C5602163CA6000958A90 /* MockSearchInteractorOutput.swift */ = {isa = PBXFileReference; lastKnownFileType = sourcecode.swift; path = MockSearchInteractorOutput.swift; sourceTree = "<group>"; };
		52B4C5622163CBC700958A90 /* MockSearchService.swift */ = {isa = PBXFileReference; lastKnownFileType = sourcecode.swift; path = MockSearchService.swift; sourceTree = "<group>"; };
		52B4C5652163D43300958A90 /* ApiError.swift */ = {isa = PBXFileReference; lastKnownFileType = sourcecode.swift; path = ApiError.swift; sourceTree = "<group>"; };
		52B4C56F2163D8B000958A90 /* SearchPresenterTests.swift */ = {isa = PBXFileReference; fileEncoding = 4; lastKnownFileType = sourcecode.swift; path = SearchPresenterTests.swift; sourceTree = "<group>"; };
		52B4C5712163D8B700958A90 /* MockSearchRouter.swift */ = {isa = PBXFileReference; fileEncoding = 4; lastKnownFileType = sourcecode.swift; path = MockSearchRouter.swift; sourceTree = "<group>"; };
		52B4C5732163D8D600958A90 /* MockSearchView.swift */ = {isa = PBXFileReference; lastKnownFileType = sourcecode.swift; path = MockSearchView.swift; sourceTree = "<group>"; };
		52B4C5762163DC1400958A90 /* SearchViewTests.swift */ = {isa = PBXFileReference; lastKnownFileType = sourcecode.swift; path = SearchViewTests.swift; sourceTree = "<group>"; };
		52B4C5782163DC4D00958A90 /* MockSearchEventHandler.swift */ = {isa = PBXFileReference; lastKnownFileType = sourcecode.swift; path = MockSearchEventHandler.swift; sourceTree = "<group>"; };
		52B4C57B2163E26900958A90 /* ProductItemCollectionViewCell.swift */ = {isa = PBXFileReference; lastKnownFileType = sourcecode.swift; path = ProductItemCollectionViewCell.swift; sourceTree = "<group>"; };
		52B4C57C2163E26900958A90 /* ProductItemCollectionViewCell.xib */ = {isa = PBXFileReference; lastKnownFileType = file.xib; path = ProductItemCollectionViewCell.xib; sourceTree = "<group>"; };
		52F5EF3E2163E8F100321B32 /* UICollectionViewCellExtension.swift */ = {isa = PBXFileReference; lastKnownFileType = sourcecode.swift; path = UICollectionViewCellExtension.swift; sourceTree = "<group>"; };
		52F5EF442164752300321B32 /* UIImageExtension.swift */ = {isa = PBXFileReference; lastKnownFileType = sourcecode.swift; path = UIImageExtension.swift; sourceTree = "<group>"; };
		52F5EF4621647F3200321B32 /* UIColorExtension.swift */ = {isa = PBXFileReference; lastKnownFileType = sourcecode.swift; path = UIColorExtension.swift; sourceTree = "<group>"; };
		52F5EF4E216480CF00321B32 /* SearchViewController.swift */ = {isa = PBXFileReference; fileEncoding = 4; lastKnownFileType = sourcecode.swift; path = SearchViewController.swift; sourceTree = "<group>"; };
		52F5EF4F216480CF00321B32 /* SearchView.swift */ = {isa = PBXFileReference; fileEncoding = 4; lastKnownFileType = sourcecode.swift; path = SearchView.swift; sourceTree = "<group>"; };
		52F5EF51216480CF00321B32 /* SearchViewController.xib */ = {isa = PBXFileReference; fileEncoding = 4; lastKnownFileType = file.xib; path = SearchViewController.xib; sourceTree = "<group>"; };
		52F5EF5A216480DC00321B32 /* SearchInteractor.swift */ = {isa = PBXFileReference; fileEncoding = 4; lastKnownFileType = sourcecode.swift; path = SearchInteractor.swift; sourceTree = "<group>"; };
		52F5EF5B216480DC00321B32 /* SearchInteractorIO.swift */ = {isa = PBXFileReference; fileEncoding = 4; lastKnownFileType = sourcecode.swift; path = SearchInteractorIO.swift; sourceTree = "<group>"; };
		52F5EF5F216480E600321B32 /* SearchEventHandler.swift */ = {isa = PBXFileReference; fileEncoding = 4; lastKnownFileType = sourcecode.swift; path = SearchEventHandler.swift; sourceTree = "<group>"; };
		52F5EF60216480E600321B32 /* SearchPresenter.swift */ = {isa = PBXFileReference; fileEncoding = 4; lastKnownFileType = sourcecode.swift; path = SearchPresenter.swift; sourceTree = "<group>"; };
		52F5EF64216480FB00321B32 /* SearchFilterRouter.swift */ = {isa = PBXFileReference; fileEncoding = 4; lastKnownFileType = sourcecode.swift; path = SearchFilterRouter.swift; sourceTree = "<group>"; };
		52F5EF662164810100321B32 /* SearchRouter.swift */ = {isa = PBXFileReference; fileEncoding = 4; lastKnownFileType = sourcecode.swift; path = SearchRouter.swift; sourceTree = "<group>"; };
		52F5EF682164814400321B32 /* SearchFilterView.swift */ = {isa = PBXFileReference; lastKnownFileType = sourcecode.swift; path = SearchFilterView.swift; sourceTree = "<group>"; };
		52F5EF6A2164816500321B32 /* SearchFilterViewController.swift */ = {isa = PBXFileReference; lastKnownFileType = sourcecode.swift; path = SearchFilterViewController.swift; sourceTree = "<group>"; };
		52F5EF6B2164816500321B32 /* SearchFilterViewController.xib */ = {isa = PBXFileReference; lastKnownFileType = file.xib; path = SearchFilterViewController.xib; sourceTree = "<group>"; };
		52F5EF6E2164817700321B32 /* SearchFilterInteractorIO.swift */ = {isa = PBXFileReference; lastKnownFileType = sourcecode.swift; path = SearchFilterInteractorIO.swift; sourceTree = "<group>"; };
		52F5EF702164818000321B32 /* SearchFilterInteractor.swift */ = {isa = PBXFileReference; lastKnownFileType = sourcecode.swift; path = SearchFilterInteractor.swift; sourceTree = "<group>"; };
		52F5EF72216481AE00321B32 /* SearchFilterEventHandler.swift */ = {isa = PBXFileReference; lastKnownFileType = sourcecode.swift; path = SearchFilterEventHandler.swift; sourceTree = "<group>"; };
		52F5EF74216481BA00321B32 /* SearchFilterPresenter.swift */ = {isa = PBXFileReference; lastKnownFileType = sourcecode.swift; path = SearchFilterPresenter.swift; sourceTree = "<group>"; };
		52F5EF772164872000321B32 /* SearchRouterTests.swift */ = {isa = PBXFileReference; lastKnownFileType = sourcecode.swift; path = SearchRouterTests.swift; sourceTree = "<group>"; };
		52FCE07E21639EAA00C6212E /* Search.app */ = {isa = PBXFileReference; explicitFileType = wrapper.application; includeInIndex = 0; path = Search.app; sourceTree = BUILT_PRODUCTS_DIR; };
		52FCE08121639EAA00C6212E /* AppDelegate.swift */ = {isa = PBXFileReference; lastKnownFileType = sourcecode.swift; path = AppDelegate.swift; sourceTree = "<group>"; };
		52FCE08B21639EAD00C6212E /* Base */ = {isa = PBXFileReference; lastKnownFileType = file.storyboard; name = Base; path = Base.lproj/LaunchScreen.storyboard; sourceTree = "<group>"; };
		52FCE08D21639EAD00C6212E /* Info.plist */ = {isa = PBXFileReference; lastKnownFileType = text.plist.xml; path = Info.plist; sourceTree = "<group>"; };
		52FCE09221639EAD00C6212E /* SearchTests.xctest */ = {isa = PBXFileReference; explicitFileType = wrapper.cfbundle; includeInIndex = 0; path = SearchTests.xctest; sourceTree = BUILT_PRODUCTS_DIR; };
		52FCE09621639EAD00C6212E /* SearchFilterTests.swift */ = {isa = PBXFileReference; lastKnownFileType = sourcecode.swift; path = SearchFilterTests.swift; sourceTree = "<group>"; };
		52FCE09821639EAD00C6212E /* Info.plist */ = {isa = PBXFileReference; lastKnownFileType = text.plist.xml; path = Info.plist; sourceTree = "<group>"; };
		52FCE0A221639F1000C6212E /* Assets.xcassets */ = {isa = PBXFileReference; lastKnownFileType = folder.assetcatalog; path = Assets.xcassets; sourceTree = "<group>"; };
		52FCE0B02163A11800C6212E /* ProductItem.swift */ = {isa = PBXFileReference; lastKnownFileType = sourcecode.swift; path = ProductItem.swift; sourceTree = "<group>"; };
		52FCE0BA2163A1B300C6212E /* Router.swift */ = {isa = PBXFileReference; lastKnownFileType = sourcecode.swift; path = Router.swift; sourceTree = "<group>"; };
		52FCE0C32163A91E00C6212E /* SearchService.swift */ = {isa = PBXFileReference; lastKnownFileType = sourcecode.swift; path = SearchService.swift; sourceTree = "<group>"; };
		52FCE0C52163AA3A00C6212E /* SearchFilter.swift */ = {isa = PBXFileReference; lastKnownFileType = sourcecode.swift; path = SearchFilter.swift; sourceTree = "<group>"; };
		52FCE0C72163ABFA00C6212E /* SearchURL.swift */ = {isa = PBXFileReference; lastKnownFileType = sourcecode.swift; path = SearchURL.swift; sourceTree = "<group>"; };
		52FCE0D72163C2ED00C6212E /* ProductItemsTests.swift */ = {isa = PBXFileReference; lastKnownFileType = sourcecode.swift; path = ProductItemsTests.swift; sourceTree = "<group>"; };
		52FCE0DA2163C7DA00C6212E /* SearchInteractorTests.swift */ = {isa = PBXFileReference; lastKnownFileType = sourcecode.swift; path = SearchInteractorTests.swift; sourceTree = "<group>"; };
		5D4222691399CF664339180A /* Pods-Search.debug.xcconfig */ = {isa = PBXFileReference; includeInIndex = 1; lastKnownFileType = text.xcconfig; name = "Pods-Search.debug.xcconfig"; path = "Pods/Target Support Files/Pods-Search/Pods-Search.debug.xcconfig"; sourceTree = "<group>"; };
		92004E25F732C52F32EBE1BF /* Pods_Search.framework */ = {isa = PBXFileReference; explicitFileType = wrapper.framework; includeInIndex = 0; path = Pods_Search.framework; sourceTree = BUILT_PRODUCTS_DIR; };
		9E214A488DF9630156852839 /* Pods-SearchTests.release.xcconfig */ = {isa = PBXFileReference; includeInIndex = 1; lastKnownFileType = text.xcconfig; name = "Pods-SearchTests.release.xcconfig"; path = "Pods/Target Support Files/Pods-SearchTests/Pods-SearchTests.release.xcconfig"; sourceTree = "<group>"; };
		BDC053B5FCE0F83431FF3260 /* Pods-SearchTests.debug.xcconfig */ = {isa = PBXFileReference; includeInIndex = 1; lastKnownFileType = text.xcconfig; name = "Pods-SearchTests.debug.xcconfig"; path = "Pods/Target Support Files/Pods-SearchTests/Pods-SearchTests.debug.xcconfig"; sourceTree = "<group>"; };
		C76680FE3D65CAAFE9C09C60 /* Pods-Search.release.xcconfig */ = {isa = PBXFileReference; includeInIndex = 1; lastKnownFileType = text.xcconfig; name = "Pods-Search.release.xcconfig"; path = "Pods/Target Support Files/Pods-Search/Pods-Search.release.xcconfig"; sourceTree = "<group>"; };
/* End PBXFileReference section */

/* Begin PBXFrameworksBuildPhase section */
		52FCE07B21639EAA00C6212E /* Frameworks */ = {
			isa = PBXFrameworksBuildPhase;
			buildActionMask = 2147483647;
			files = (
				6271AD6BB37BA498C7CA5180 /* Pods_Search.framework in Frameworks */,
			);
			runOnlyForDeploymentPostprocessing = 0;
		};
		52FCE08F21639EAD00C6212E /* Frameworks */ = {
			isa = PBXFrameworksBuildPhase;
			buildActionMask = 2147483647;
			files = (
				E3131FBC27D9F0DB9FE129CB /* Pods_SearchTests.framework in Frameworks */,
			);
			runOnlyForDeploymentPostprocessing = 0;
		};
/* End PBXFrameworksBuildPhase section */

/* Begin PBXGroup section */
		2B33CDBC1D2C8E3DE0B2820F /* Pods */ = {
			isa = PBXGroup;
			children = (
				5D4222691399CF664339180A /* Pods-Search.debug.xcconfig */,
				C76680FE3D65CAAFE9C09C60 /* Pods-Search.release.xcconfig */,
				BDC053B5FCE0F83431FF3260 /* Pods-SearchTests.debug.xcconfig */,
				9E214A488DF9630156852839 /* Pods-SearchTests.release.xcconfig */,
			);
			name = Pods;
			sourceTree = "<group>";
		};
		52B4C55D2163C99500958A90 /* Mocks */ = {
			isa = PBXGroup;
			children = (
				52B4C55E2163C9A700958A90 /* MockSearchInteractorInput.swift */,
				52B4C5602163CA6000958A90 /* MockSearchInteractorOutput.swift */,
				52B4C5622163CBC700958A90 /* MockSearchService.swift */,
				52B4C5712163D8B700958A90 /* MockSearchRouter.swift */,
				52B4C5732163D8D600958A90 /* MockSearchView.swift */,
				52B4C5782163DC4D00958A90 /* MockSearchEventHandler.swift */,
			);
			path = Mocks;
			sourceTree = "<group>";
		};
		52B4C5642163D42C00958A90 /* Error */ = {
			isa = PBXGroup;
			children = (
				52B4C5652163D43300958A90 /* ApiError.swift */,
			);
			path = Error;
			sourceTree = "<group>";
		};
		52B4C56E2163D8B000958A90 /* Presenter */ = {
			isa = PBXGroup;
			children = (
				52B4C56F2163D8B000958A90 /* SearchPresenterTests.swift */,
			);
			path = Presenter;
			sourceTree = "<group>";
		};
		52B4C5752163DC0500958A90 /* View */ = {
			isa = PBXGroup;
			children = (
				52B4C5762163DC1400958A90 /* SearchViewTests.swift */,
			);
			path = View;
			sourceTree = "<group>";
		};
		52B4C57A2163E24E00958A90 /* Component */ = {
			isa = PBXGroup;
			children = (
				52B4C57B2163E26900958A90 /* ProductItemCollectionViewCell.swift */,
				52B4C57C2163E26900958A90 /* ProductItemCollectionViewCell.xib */,
			);
			path = Component;
			sourceTree = "<group>";
		};
		52F5EF3D2163E8E300321B32 /* Extension */ = {
			isa = PBXGroup;
			children = (
				52F5EF3E2163E8F100321B32 /* UICollectionViewCellExtension.swift */,
				52F5EF442164752300321B32 /* UIImageExtension.swift */,
				52F5EF4621647F3200321B32 /* UIColorExtension.swift */,
			);
			path = Extension;
			sourceTree = "<group>";
		};
		52F5EF4A2164807200321B32 /* Search */ = {
			isa = PBXGroup;
			children = (
				52F5EF662164810100321B32 /* SearchRouter.swift */,
			);
			path = Search;
			sourceTree = "<group>";
		};
		52F5EF4B2164807C00321B32 /* SearchFilter */ = {
			isa = PBXGroup;
			children = (
				52F5EF64216480FB00321B32 /* SearchFilterRouter.swift */,
			);
			path = SearchFilter;
			sourceTree = "<group>";
		};
		52F5EF4C216480CF00321B32 /* SearchFilter */ = {
			isa = PBXGroup;
			children = (
				52F5EF682164814400321B32 /* SearchFilterView.swift */,
				52F5EF6A2164816500321B32 /* SearchFilterViewController.swift */,
				52F5EF6B2164816500321B32 /* SearchFilterViewController.xib */,
			);
			path = SearchFilter;
			sourceTree = "<group>";
		};
		52F5EF4D216480CF00321B32 /* Search */ = {
			isa = PBXGroup;
			children = (
				52F5EF4F216480CF00321B32 /* SearchView.swift */,
				52F5EF4E216480CF00321B32 /* SearchViewController.swift */,
				52F5EF51216480CF00321B32 /* SearchViewController.xib */,
			);
			path = Search;
			sourceTree = "<group>";
		};
		52F5EF58216480DC00321B32 /* SearchFilter */ = {
			isa = PBXGroup;
			children = (
				52F5EF6E2164817700321B32 /* SearchFilterInteractorIO.swift */,
				52F5EF702164818000321B32 /* SearchFilterInteractor.swift */,
			);
			path = SearchFilter;
			sourceTree = "<group>";
		};
		52F5EF59216480DC00321B32 /* Search */ = {
			isa = PBXGroup;
			children = (
				52F5EF5B216480DC00321B32 /* SearchInteractorIO.swift */,
				52F5EF5A216480DC00321B32 /* SearchInteractor.swift */,
			);
			path = Search;
			sourceTree = "<group>";
		};
		52F5EF5E216480E600321B32 /* Search */ = {
			isa = PBXGroup;
			children = (
				52F5EF5F216480E600321B32 /* SearchEventHandler.swift */,
				52F5EF60216480E600321B32 /* SearchPresenter.swift */,
			);
			path = Search;
			sourceTree = "<group>";
		};
		52F5EF61216480E600321B32 /* SearchFilter */ = {
			isa = PBXGroup;
			children = (
				52F5EF72216481AE00321B32 /* SearchFilterEventHandler.swift */,
				52F5EF74216481BA00321B32 /* SearchFilterPresenter.swift */,
			);
			path = SearchFilter;
			sourceTree = "<group>";
		};
		52F5EF762164870600321B32 /* Router */ = {
			isa = PBXGroup;
			children = (
				52F5EF772164872000321B32 /* SearchRouterTests.swift */,
			);
			path = Router;
			sourceTree = "<group>";
		};
		52FCE07521639EAA00C6212E = {
			isa = PBXGroup;
			children = (
				52FCE08021639EAA00C6212E /* Search */,
				52FCE09521639EAD00C6212E /* SearchTests */,
				52FCE07F21639EAA00C6212E /* Products */,
				2B33CDBC1D2C8E3DE0B2820F /* Pods */,
				6346A242F7BAF7517BFC5C34 /* Frameworks */,
			);
			sourceTree = "<group>";
		};
		52FCE07F21639EAA00C6212E /* Products */ = {
			isa = PBXGroup;
			children = (
				52FCE07E21639EAA00C6212E /* Search.app */,
				52FCE09221639EAD00C6212E /* SearchTests.xctest */,
			);
			name = Products;
			sourceTree = "<group>";
		};
		52FCE08021639EAA00C6212E /* Search */ = {
			isa = PBXGroup;
			children = (
				52FCE08121639EAA00C6212E /* AppDelegate.swift */,
				52FCE08A21639EAD00C6212E /* LaunchScreen.storyboard */,
				52FCE0A421639F1E00C6212E /* Classes */,
				52FCE0A121639EF000C6212E /* Resources */,
				52FCE08D21639EAD00C6212E /* Info.plist */,
			);
			path = Search;
			sourceTree = "<group>";
		};
		52FCE09521639EAD00C6212E /* SearchTests */ = {
			isa = PBXGroup;
			children = (
				52B4C55D2163C99500958A90 /* Mocks */,
				52B4C5752163DC0500958A90 /* View */,
				52FCE0D92163C7CD00C6212E /* Interactor */,
				52B4C56E2163D8B000958A90 /* Presenter */,
				52FCE0CB2163B50200C6212E /* Entity */,
				52F5EF762164870600321B32 /* Router */,
				52FCE09821639EAD00C6212E /* Info.plist */,
			);
			path = SearchTests;
			sourceTree = "<group>";
		};
		52FCE0A121639EF000C6212E /* Resources */ = {
			isa = PBXGroup;
			children = (
				52FCE0A221639F1000C6212E /* Assets.xcassets */,
			);
			path = Resources;
			sourceTree = "<group>";
		};
		52FCE0A421639F1E00C6212E /* Classes */ = {
			isa = PBXGroup;
			children = (
				52F5EF3D2163E8E300321B32 /* Extension */,
				52B4C57A2163E24E00958A90 /* Component */,
				52FCE0A521639F2D00C6212E /* View */,
				52FCE0A621639F3C00C6212E /* Interactor */,
				52FCE0A721639F4700C6212E /* Presenter */,
				52FCE0A821639F5100C6212E /* Entity */,
				52FCE0A921639F5900C6212E /* Router */,
				52FCE0C22163A91200C6212E /* Service */,
			);
			path = Classes;
			sourceTree = "<group>";
		};
		52FCE0A521639F2D00C6212E /* View */ = {
			isa = PBXGroup;
			children = (
				52F5EF4D216480CF00321B32 /* Search */,
				52F5EF4C216480CF00321B32 /* SearchFilter */,
			);
			path = View;
			sourceTree = "<group>";
		};
		52FCE0A621639F3C00C6212E /* Interactor */ = {
			isa = PBXGroup;
			children = (
				52F5EF59216480DC00321B32 /* Search */,
				52F5EF58216480DC00321B32 /* SearchFilter */,
			);
			path = Interactor;
			sourceTree = "<group>";
		};
		52FCE0A721639F4700C6212E /* Presenter */ = {
			isa = PBXGroup;
			children = (
				52F5EF5E216480E600321B32 /* Search */,
				52F5EF61216480E600321B32 /* SearchFilter */,
			);
			path = Presenter;
			sourceTree = "<group>";
		};
		52FCE0A821639F5100C6212E /* Entity */ = {
			isa = PBXGroup;
			children = (
				52FCE0B02163A11800C6212E /* ProductItem.swift */,
				52FCE0C52163AA3A00C6212E /* SearchFilter.swift */,
			);
			path = Entity;
			sourceTree = "<group>";
		};
		52FCE0A921639F5900C6212E /* Router */ = {
			isa = PBXGroup;
			children = (
				52FCE0BA2163A1B300C6212E /* Router.swift */,
				52F5EF4A2164807200321B32 /* Search */,
				52F5EF4B2164807C00321B32 /* SearchFilter */,
			);
			path = Router;
			sourceTree = "<group>";
		};
		52FCE0C22163A91200C6212E /* Service */ = {
			isa = PBXGroup;
			children = (
				52B4C5642163D42C00958A90 /* Error */,
				52FCE0C72163ABFA00C6212E /* SearchURL.swift */,
				52FCE0C32163A91E00C6212E /* SearchService.swift */,
			);
			path = Service;
			sourceTree = "<group>";
		};
		52FCE0CB2163B50200C6212E /* Entity */ = {
			isa = PBXGroup;
			children = (
				52FCE09621639EAD00C6212E /* SearchFilterTests.swift */,
				52FCE0D72163C2ED00C6212E /* ProductItemsTests.swift */,
			);
			path = Entity;
			sourceTree = "<group>";
		};
		52FCE0D92163C7CD00C6212E /* Interactor */ = {
			isa = PBXGroup;
			children = (
				52FCE0DA2163C7DA00C6212E /* SearchInteractorTests.swift */,
			);
			path = Interactor;
			sourceTree = "<group>";
		};
		6346A242F7BAF7517BFC5C34 /* Frameworks */ = {
			isa = PBXGroup;
			children = (
				92004E25F732C52F32EBE1BF /* Pods_Search.framework */,
				127AD2CCE681440FC70F87A7 /* Pods_SearchTests.framework */,
			);
			name = Frameworks;
			sourceTree = "<group>";
		};
/* End PBXGroup section */

/* Begin PBXNativeTarget section */
		52FCE07D21639EAA00C6212E /* Search */ = {
			isa = PBXNativeTarget;
			buildConfigurationList = 52FCE09B21639EAD00C6212E /* Build configuration list for PBXNativeTarget "Search" */;
			buildPhases = (
				FC5C59F86DA595D71C03408A /* [CP] Check Pods Manifest.lock */,
				52FCE07A21639EAA00C6212E /* Sources */,
				52FCE07B21639EAA00C6212E /* Frameworks */,
				52FCE07C21639EAA00C6212E /* Resources */,
				73DAA566972972838EE7108C /* [CP] Embed Pods Frameworks */,
			);
			buildRules = (
			);
			dependencies = (
			);
			name = Search;
			productName = Search;
			productReference = 52FCE07E21639EAA00C6212E /* Search.app */;
			productType = "com.apple.product-type.application";
		};
		52FCE09121639EAD00C6212E /* SearchTests */ = {
			isa = PBXNativeTarget;
			buildConfigurationList = 52FCE09E21639EAD00C6212E /* Build configuration list for PBXNativeTarget "SearchTests" */;
			buildPhases = (
				AD0340895BA5D9B43B2FC9BD /* [CP] Check Pods Manifest.lock */,
				52FCE08E21639EAD00C6212E /* Sources */,
				52FCE08F21639EAD00C6212E /* Frameworks */,
				52FCE09021639EAD00C6212E /* Resources */,
			);
			buildRules = (
			);
			dependencies = (
				52FCE09421639EAD00C6212E /* PBXTargetDependency */,
			);
			name = SearchTests;
			productName = SearchTests;
			productReference = 52FCE09221639EAD00C6212E /* SearchTests.xctest */;
			productType = "com.apple.product-type.bundle.unit-test";
		};
/* End PBXNativeTarget section */

/* Begin PBXProject section */
		52FCE07621639EAA00C6212E /* Project object */ = {
			isa = PBXProject;
			attributes = {
				LastSwiftUpdateCheck = 1000;
				LastUpgradeCheck = 1000;
				ORGANIZATIONNAME = "Hendy Christianto";
				TargetAttributes = {
					52FCE07D21639EAA00C6212E = {
						CreatedOnToolsVersion = 10.0;
					};
					52FCE09121639EAD00C6212E = {
						CreatedOnToolsVersion = 10.0;
						TestTargetID = 52FCE07D21639EAA00C6212E;
					};
				};
			};
			buildConfigurationList = 52FCE07921639EAA00C6212E /* Build configuration list for PBXProject "Search" */;
			compatibilityVersion = "Xcode 9.3";
			developmentRegion = en;
			hasScannedForEncodings = 0;
			knownRegions = (
				en,
				Base,
			);
			mainGroup = 52FCE07521639EAA00C6212E;
			productRefGroup = 52FCE07F21639EAA00C6212E /* Products */;
			projectDirPath = "";
			projectRoot = "";
			targets = (
				52FCE07D21639EAA00C6212E /* Search */,
				52FCE09121639EAD00C6212E /* SearchTests */,
			);
		};
/* End PBXProject section */

/* Begin PBXResourcesBuildPhase section */
		52FCE07C21639EAA00C6212E /* Resources */ = {
			isa = PBXResourcesBuildPhase;
			buildActionMask = 2147483647;
			files = (
				52FCE0A321639F1000C6212E /* Assets.xcassets in Resources */,
				52F5EF6D2164816500321B32 /* SearchFilterViewController.xib in Resources */,
				52FCE08C21639EAD00C6212E /* LaunchScreen.storyboard in Resources */,
				52F5EF56216480CF00321B32 /* SearchViewController.xib in Resources */,
				52B4C57E2163E26900958A90 /* ProductItemCollectionViewCell.xib in Resources */,
			);
			runOnlyForDeploymentPostprocessing = 0;
		};
		52FCE09021639EAD00C6212E /* Resources */ = {
			isa = PBXResourcesBuildPhase;
			buildActionMask = 2147483647;
			files = (
			);
			runOnlyForDeploymentPostprocessing = 0;
		};
/* End PBXResourcesBuildPhase section */

/* Begin PBXShellScriptBuildPhase section */
		73DAA566972972838EE7108C /* [CP] Embed Pods Frameworks */ = {
			isa = PBXShellScriptBuildPhase;
			buildActionMask = 2147483647;
			files = (
			);
			inputPaths = (
				"${SRCROOT}/Pods/Target Support Files/Pods-Search/Pods-Search-frameworks.sh",
				"${BUILT_PRODUCTS_DIR}/Alamofire/Alamofire.framework",
				"${BUILT_PRODUCTS_DIR}/AlamofireImage/AlamofireImage.framework",
			);
			name = "[CP] Embed Pods Frameworks";
			outputPaths = (
				"${TARGET_BUILD_DIR}/${FRAMEWORKS_FOLDER_PATH}/Alamofire.framework",
				"${TARGET_BUILD_DIR}/${FRAMEWORKS_FOLDER_PATH}/AlamofireImage.framework",
			);
			runOnlyForDeploymentPostprocessing = 0;
			shellPath = /bin/sh;
			shellScript = "\"${SRCROOT}/Pods/Target Support Files/Pods-Search/Pods-Search-frameworks.sh\"\n";
			showEnvVarsInLog = 0;
		};
		AD0340895BA5D9B43B2FC9BD /* [CP] Check Pods Manifest.lock */ = {
			isa = PBXShellScriptBuildPhase;
			buildActionMask = 2147483647;
			files = (
			);
			inputPaths = (
				"${PODS_PODFILE_DIR_PATH}/Podfile.lock",
				"${PODS_ROOT}/Manifest.lock",
			);
			name = "[CP] Check Pods Manifest.lock";
			outputPaths = (
				"$(DERIVED_FILE_DIR)/Pods-SearchTests-checkManifestLockResult.txt",
			);
			runOnlyForDeploymentPostprocessing = 0;
			shellPath = /bin/sh;
			shellScript = "diff \"${PODS_PODFILE_DIR_PATH}/Podfile.lock\" \"${PODS_ROOT}/Manifest.lock\" > /dev/null\nif [ $? != 0 ] ; then\n    # print error to STDERR\n    echo \"error: The sandbox is not in sync with the Podfile.lock. Run 'pod install' or update your CocoaPods installation.\" >&2\n    exit 1\nfi\n# This output is used by Xcode 'outputs' to avoid re-running this script phase.\necho \"SUCCESS\" > \"${SCRIPT_OUTPUT_FILE_0}\"\n";
			showEnvVarsInLog = 0;
		};
		FC5C59F86DA595D71C03408A /* [CP] Check Pods Manifest.lock */ = {
			isa = PBXShellScriptBuildPhase;
			buildActionMask = 2147483647;
			files = (
			);
			inputPaths = (
				"${PODS_PODFILE_DIR_PATH}/Podfile.lock",
				"${PODS_ROOT}/Manifest.lock",
			);
			name = "[CP] Check Pods Manifest.lock";
			outputPaths = (
				"$(DERIVED_FILE_DIR)/Pods-Search-checkManifestLockResult.txt",
			);
			runOnlyForDeploymentPostprocessing = 0;
			shellPath = /bin/sh;
			shellScript = "diff \"${PODS_PODFILE_DIR_PATH}/Podfile.lock\" \"${PODS_ROOT}/Manifest.lock\" > /dev/null\nif [ $? != 0 ] ; then\n    # print error to STDERR\n    echo \"error: The sandbox is not in sync with the Podfile.lock. Run 'pod install' or update your CocoaPods installation.\" >&2\n    exit 1\nfi\n# This output is used by Xcode 'outputs' to avoid re-running this script phase.\necho \"SUCCESS\" > \"${SCRIPT_OUTPUT_FILE_0}\"\n";
			showEnvVarsInLog = 0;
		};
/* End PBXShellScriptBuildPhase section */

/* Begin PBXSourcesBuildPhase section */
		52FCE07A21639EAA00C6212E /* Sources */ = {
			isa = PBXSourcesBuildPhase;
			buildActionMask = 2147483647;
			files = (
				52F5EF3F2163E8F100321B32 /* UICollectionViewCellExtension.swift in Sources */,
				52FCE0B12163A11800C6212E /* ProductItem.swift in Sources */,
				52F5EF63216480E600321B32 /* SearchPresenter.swift in Sources */,
				52F5EF672164810100321B32 /* SearchRouter.swift in Sources */,
				52F5EF6F2164817700321B32 /* SearchFilterInteractorIO.swift in Sources */,
				52F5EF73216481AE00321B32 /* SearchFilterEventHandler.swift in Sources */,
				52F5EF6C2164816500321B32 /* SearchFilterViewController.swift in Sources */,
				52F5EF452164752300321B32 /* UIImageExtension.swift in Sources */,
				52F5EF62216480E600321B32 /* SearchEventHandler.swift in Sources */,
				52B4C57D2163E26900958A90 /* ProductItemCollectionViewCell.swift in Sources */,
				52F5EF712164818000321B32 /* SearchFilterInteractor.swift in Sources */,
				52FCE0C62163AA3A00C6212E /* SearchFilter.swift in Sources */,
				52F5EF692164814400321B32 /* SearchFilterView.swift in Sources */,
				52F5EF4721647F3200321B32 /* UIColorExtension.swift in Sources */,
				52FCE0C42163A91E00C6212E /* SearchService.swift in Sources */,
				52F5EF54216480CF00321B32 /* SearchView.swift in Sources */,
				52F5EF75216481BA00321B32 /* SearchFilterPresenter.swift in Sources */,
				52F5EF53216480CF00321B32 /* SearchViewController.swift in Sources */,
				52FCE0BB2163A1B300C6212E /* Router.swift in Sources */,
				52B4C5662163D43300958A90 /* ApiError.swift in Sources */,
				52FCE08221639EAA00C6212E /* AppDelegate.swift in Sources */,
				52F5EF65216480FB00321B32 /* SearchFilterRouter.swift in Sources */,
				52F5EF5C216480DC00321B32 /* SearchInteractor.swift in Sources */,
				52F5EF5D216480DC00321B32 /* SearchInteractorIO.swift in Sources */,
				52FCE0C82163ABFA00C6212E /* SearchURL.swift in Sources */,
			);
			runOnlyForDeploymentPostprocessing = 0;
		};
		52FCE08E21639EAD00C6212E /* Sources */ = {
			isa = PBXSourcesBuildPhase;
			buildActionMask = 2147483647;
			files = (
				52B4C5792163DC4D00958A90 /* MockSearchEventHandler.swift in Sources */,
				52FCE0D82163C2ED00C6212E /* ProductItemsTests.swift in Sources */,
				52B4C5612163CA6000958A90 /* MockSearchInteractorOutput.swift in Sources */,
				52B4C5722163D8B700958A90 /* MockSearchRouter.swift in Sources */,
				52F5EF782164872000321B32 /* SearchRouterTests.swift in Sources */,
				52B4C55F2163C9A700958A90 /* MockSearchInteractorInput.swift in Sources */,
				52B4C5632163CBC700958A90 /* MockSearchService.swift in Sources */,
				52B4C5702163D8B000958A90 /* SearchPresenterTests.swift in Sources */,
				52FCE09721639EAD00C6212E /* SearchFilterTests.swift in Sources */,
				52B4C5742163D8D600958A90 /* MockSearchView.swift in Sources */,
				52B4C5772163DC1400958A90 /* SearchViewTests.swift in Sources */,
				52FCE0DB2163C7DA00C6212E /* SearchInteractorTests.swift in Sources */,
			);
			runOnlyForDeploymentPostprocessing = 0;
		};
/* End PBXSourcesBuildPhase section */

/* Begin PBXTargetDependency section */
		52FCE09421639EAD00C6212E /* PBXTargetDependency */ = {
			isa = PBXTargetDependency;
			target = 52FCE07D21639EAA00C6212E /* Search */;
			targetProxy = 52FCE09321639EAD00C6212E /* PBXContainerItemProxy */;
		};
/* End PBXTargetDependency section */

/* Begin PBXVariantGroup section */
		52FCE08A21639EAD00C6212E /* LaunchScreen.storyboard */ = {
			isa = PBXVariantGroup;
			children = (
				52FCE08B21639EAD00C6212E /* Base */,
			);
			name = LaunchScreen.storyboard;
			sourceTree = "<group>";
		};
/* End PBXVariantGroup section */

/* Begin XCBuildConfiguration section */
		52FCE09921639EAD00C6212E /* Debug */ = {
			isa = XCBuildConfiguration;
			buildSettings = {
				ALWAYS_SEARCH_USER_PATHS = NO;
				CLANG_ANALYZER_NONNULL = YES;
				CLANG_ANALYZER_NUMBER_OBJECT_CONVERSION = YES_AGGRESSIVE;
				CLANG_CXX_LANGUAGE_STANDARD = "gnu++14";
				CLANG_CXX_LIBRARY = "libc++";
				CLANG_ENABLE_MODULES = YES;
				CLANG_ENABLE_OBJC_ARC = YES;
				CLANG_ENABLE_OBJC_WEAK = YES;
				CLANG_WARN_BLOCK_CAPTURE_AUTORELEASING = YES;
				CLANG_WARN_BOOL_CONVERSION = YES;
				CLANG_WARN_COMMA = YES;
				CLANG_WARN_CONSTANT_CONVERSION = YES;
				CLANG_WARN_DEPRECATED_OBJC_IMPLEMENTATIONS = YES;
				CLANG_WARN_DIRECT_OBJC_ISA_USAGE = YES_ERROR;
				CLANG_WARN_DOCUMENTATION_COMMENTS = YES;
				CLANG_WARN_EMPTY_BODY = YES;
				CLANG_WARN_ENUM_CONVERSION = YES;
				CLANG_WARN_INFINITE_RECURSION = YES;
				CLANG_WARN_INT_CONVERSION = YES;
				CLANG_WARN_NON_LITERAL_NULL_CONVERSION = YES;
				CLANG_WARN_OBJC_IMPLICIT_RETAIN_SELF = YES;
				CLANG_WARN_OBJC_LITERAL_CONVERSION = YES;
				CLANG_WARN_OBJC_ROOT_CLASS = YES_ERROR;
				CLANG_WARN_RANGE_LOOP_ANALYSIS = YES;
				CLANG_WARN_STRICT_PROTOTYPES = YES;
				CLANG_WARN_SUSPICIOUS_MOVE = YES;
				CLANG_WARN_UNGUARDED_AVAILABILITY = YES_AGGRESSIVE;
				CLANG_WARN_UNREACHABLE_CODE = YES;
				CLANG_WARN__DUPLICATE_METHOD_MATCH = YES;
				CODE_SIGN_IDENTITY = "iPhone Developer";
				COPY_PHASE_STRIP = NO;
				DEBUG_INFORMATION_FORMAT = dwarf;
				ENABLE_STRICT_OBJC_MSGSEND = YES;
				ENABLE_TESTABILITY = YES;
				GCC_C_LANGUAGE_STANDARD = gnu11;
				GCC_DYNAMIC_NO_PIC = NO;
				GCC_NO_COMMON_BLOCKS = YES;
				GCC_OPTIMIZATION_LEVEL = 0;
				GCC_PREPROCESSOR_DEFINITIONS = (
					"DEBUG=1",
					"$(inherited)",
				);
				GCC_WARN_64_TO_32_BIT_CONVERSION = YES;
				GCC_WARN_ABOUT_RETURN_TYPE = YES_ERROR;
				GCC_WARN_UNDECLARED_SELECTOR = YES;
				GCC_WARN_UNINITIALIZED_AUTOS = YES_AGGRESSIVE;
				GCC_WARN_UNUSED_FUNCTION = YES;
				GCC_WARN_UNUSED_VARIABLE = YES;
				IPHONEOS_DEPLOYMENT_TARGET = 12.0;
				MTL_ENABLE_DEBUG_INFO = INCLUDE_SOURCE;
				MTL_FAST_MATH = YES;
				ONLY_ACTIVE_ARCH = YES;
				SDKROOT = iphoneos;
				SWIFT_ACTIVE_COMPILATION_CONDITIONS = DEBUG;
				SWIFT_OPTIMIZATION_LEVEL = "-Onone";
			};
			name = Debug;
		};
		52FCE09A21639EAD00C6212E /* Release */ = {
			isa = XCBuildConfiguration;
			buildSettings = {
				ALWAYS_SEARCH_USER_PATHS = NO;
				CLANG_ANALYZER_NONNULL = YES;
				CLANG_ANALYZER_NUMBER_OBJECT_CONVERSION = YES_AGGRESSIVE;
				CLANG_CXX_LANGUAGE_STANDARD = "gnu++14";
				CLANG_CXX_LIBRARY = "libc++";
				CLANG_ENABLE_MODULES = YES;
				CLANG_ENABLE_OBJC_ARC = YES;
				CLANG_ENABLE_OBJC_WEAK = YES;
				CLANG_WARN_BLOCK_CAPTURE_AUTORELEASING = YES;
				CLANG_WARN_BOOL_CONVERSION = YES;
				CLANG_WARN_COMMA = YES;
				CLANG_WARN_CONSTANT_CONVERSION = YES;
				CLANG_WARN_DEPRECATED_OBJC_IMPLEMENTATIONS = YES;
				CLANG_WARN_DIRECT_OBJC_ISA_USAGE = YES_ERROR;
				CLANG_WARN_DOCUMENTATION_COMMENTS = YES;
				CLANG_WARN_EMPTY_BODY = YES;
				CLANG_WARN_ENUM_CONVERSION = YES;
				CLANG_WARN_INFINITE_RECURSION = YES;
				CLANG_WARN_INT_CONVERSION = YES;
				CLANG_WARN_NON_LITERAL_NULL_CONVERSION = YES;
				CLANG_WARN_OBJC_IMPLICIT_RETAIN_SELF = YES;
				CLANG_WARN_OBJC_LITERAL_CONVERSION = YES;
				CLANG_WARN_OBJC_ROOT_CLASS = YES_ERROR;
				CLANG_WARN_RANGE_LOOP_ANALYSIS = YES;
				CLANG_WARN_STRICT_PROTOTYPES = YES;
				CLANG_WARN_SUSPICIOUS_MOVE = YES;
				CLANG_WARN_UNGUARDED_AVAILABILITY = YES_AGGRESSIVE;
				CLANG_WARN_UNREACHABLE_CODE = YES;
				CLANG_WARN__DUPLICATE_METHOD_MATCH = YES;
				CODE_SIGN_IDENTITY = "iPhone Developer";
				COPY_PHASE_STRIP = NO;
				DEBUG_INFORMATION_FORMAT = "dwarf-with-dsym";
				ENABLE_NS_ASSERTIONS = NO;
				ENABLE_STRICT_OBJC_MSGSEND = YES;
				GCC_C_LANGUAGE_STANDARD = gnu11;
				GCC_NO_COMMON_BLOCKS = YES;
				GCC_WARN_64_TO_32_BIT_CONVERSION = YES;
				GCC_WARN_ABOUT_RETURN_TYPE = YES_ERROR;
				GCC_WARN_UNDECLARED_SELECTOR = YES;
				GCC_WARN_UNINITIALIZED_AUTOS = YES_AGGRESSIVE;
				GCC_WARN_UNUSED_FUNCTION = YES;
				GCC_WARN_UNUSED_VARIABLE = YES;
				IPHONEOS_DEPLOYMENT_TARGET = 12.0;
				MTL_ENABLE_DEBUG_INFO = NO;
				MTL_FAST_MATH = YES;
				SDKROOT = iphoneos;
				SWIFT_COMPILATION_MODE = wholemodule;
				SWIFT_OPTIMIZATION_LEVEL = "-O";
				VALIDATE_PRODUCT = YES;
			};
			name = Release;
		};
		52FCE09C21639EAD00C6212E /* Debug */ = {
			isa = XCBuildConfiguration;
			baseConfigurationReference = 5D4222691399CF664339180A /* Pods-Search.debug.xcconfig */;
			buildSettings = {
				ASSETCATALOG_COMPILER_APPICON_NAME = AppIcon;
				CODE_SIGN_STYLE = Automatic;
				INFOPLIST_FILE = Search/Info.plist;
				LD_RUNPATH_SEARCH_PATHS = (
					"$(inherited)",
					"@executable_path/Frameworks",
				);
				PRODUCT_BUNDLE_IDENTIFIER = com.hendychristianto.Search;
				PRODUCT_NAME = "$(TARGET_NAME)";
				SWIFT_VERSION = 4.2;
				TARGETED_DEVICE_FAMILY = "1,2";
			};
			name = Debug;
		};
		52FCE09D21639EAD00C6212E /* Release */ = {
			isa = XCBuildConfiguration;
			baseConfigurationReference = C76680FE3D65CAAFE9C09C60 /* Pods-Search.release.xcconfig */;
			buildSettings = {
				ASSETCATALOG_COMPILER_APPICON_NAME = AppIcon;
				CODE_SIGN_STYLE = Automatic;
				INFOPLIST_FILE = Search/Info.plist;
				LD_RUNPATH_SEARCH_PATHS = (
					"$(inherited)",
					"@executable_path/Frameworks",
				);
				PRODUCT_BUNDLE_IDENTIFIER = com.hendychristianto.Search;
				PRODUCT_NAME = "$(TARGET_NAME)";
				SWIFT_VERSION = 4.2;
				TARGETED_DEVICE_FAMILY = "1,2";
			};
			name = Release;
		};
		52FCE09F21639EAD00C6212E /* Debug */ = {
			isa = XCBuildConfiguration;
			baseConfigurationReference = BDC053B5FCE0F83431FF3260 /* Pods-SearchTests.debug.xcconfig */;
			buildSettings = {
				ALWAYS_EMBED_SWIFT_STANDARD_LIBRARIES = YES;
				BUNDLE_LOADER = "$(TEST_HOST)";
				CODE_SIGN_STYLE = Automatic;
				INFOPLIST_FILE = SearchTests/Info.plist;
				LD_RUNPATH_SEARCH_PATHS = (
					"$(inherited)",
					"@executable_path/Frameworks",
					"@loader_path/Frameworks",
				);
				PRODUCT_BUNDLE_IDENTIFIER = com.hendychristianto.SearchTests;
				PRODUCT_NAME = "$(TARGET_NAME)";
				SWIFT_VERSION = 4.2;
				TARGETED_DEVICE_FAMILY = "1,2";
				TEST_HOST = "$(BUILT_PRODUCTS_DIR)/Search.app/Search";
			};
			name = Debug;
		};
		52FCE0A021639EAD00C6212E /* Release */ = {
			isa = XCBuildConfiguration;
			baseConfigurationReference = 9E214A488DF9630156852839 /* Pods-SearchTests.release.xcconfig */;
			buildSettings = {
				ALWAYS_EMBED_SWIFT_STANDARD_LIBRARIES = YES;
				BUNDLE_LOADER = "$(TEST_HOST)";
				CODE_SIGN_STYLE = Automatic;
				INFOPLIST_FILE = SearchTests/Info.plist;
				LD_RUNPATH_SEARCH_PATHS = (
					"$(inherited)",
					"@executable_path/Frameworks",
					"@loader_path/Frameworks",
				);
				PRODUCT_BUNDLE_IDENTIFIER = com.hendychristianto.SearchTests;
				PRODUCT_NAME = "$(TARGET_NAME)";
				SWIFT_VERSION = 4.2;
				TARGETED_DEVICE_FAMILY = "1,2";
				TEST_HOST = "$(BUILT_PRODUCTS_DIR)/Search.app/Search";
			};
			name = Release;
		};
/* End XCBuildConfiguration section */

/* Begin XCConfigurationList section */
		52FCE07921639EAA00C6212E /* Build configuration list for PBXProject "Search" */ = {
			isa = XCConfigurationList;
			buildConfigurations = (
				52FCE09921639EAD00C6212E /* Debug */,
				52FCE09A21639EAD00C6212E /* Release */,
			);
			defaultConfigurationIsVisible = 0;
			defaultConfigurationName = Release;
		};
		52FCE09B21639EAD00C6212E /* Build configuration list for PBXNativeTarget "Search" */ = {
			isa = XCConfigurationList;
			buildConfigurations = (
				52FCE09C21639EAD00C6212E /* Debug */,
				52FCE09D21639EAD00C6212E /* Release */,
			);
			defaultConfigurationIsVisible = 0;
			defaultConfigurationName = Release;
		};
		52FCE09E21639EAD00C6212E /* Build configuration list for PBXNativeTarget "SearchTests" */ = {
			isa = XCConfigurationList;
			buildConfigurations = (
				52FCE09F21639EAD00C6212E /* Debug */,
				52FCE0A021639EAD00C6212E /* Release */,
			);
			defaultConfigurationIsVisible = 0;
			defaultConfigurationName = Release;
		};
/* End XCConfigurationList section */
	};
	rootObject = 52FCE07621639EAA00C6212E /* Project object */;
}
